
Microsoft Visual Studio Solution File, Format Version 12.00
# Visual Studio 14
VisualStudioVersion = 14.0.25420.1
MinimumVisualStudioVersion = 10.0.40219.1
Project("{FAE04EC0-301F-11D3-BF4B-00C04F79EFBC}") = "AKQAWebAPIApplication", "AKQAWebAPIApplication\AKQAWebAPIApplication.csproj", "{1CE718DE-8DAC-4767-965C-287AFC451C0A}"
EndProject
Project("{FAE04EC0-301F-11D3-BF4B-00C04F79EFBC}") = "AKQAWebAPIApplication.UnitTest", "AKQAWebAPIApplication.UnitTest\AKQAWebAPIApplication.UnitTest.csproj", "{F8EDDA56-04EF-43DC-8B93-D903CAC9AEE0}"
EndProject
Global
	GlobalSection(SolutionConfigurationPlatforms) = preSolution
		Debug|Any CPU = Debug|Any CPU
		Release|Any CPU = Release|Any CPU
	EndGlobalSection
	GlobalSection(ProjectConfigurationPlatforms) = postSolution
		{1CE718DE-8DAC-4767-965C-287AFC451C0A}.Debug|Any CPU.ActiveCfg = Debug|Any CPU
		{1CE718DE-8DAC-4767-965C-287AFC451C0A}.Debug|Any CPU.Build.0 = Debug|Any CPU
		{1CE718DE-8DAC-4767-965C-287AFC451C0A}.Release|Any CPU.ActiveCfg = Release|Any CPU
		{1CE718DE-8DAC-4767-965C-287AFC451C0A}.Release|Any CPU.Build.0 = Release|Any CPU
		{F8EDDA56-04EF-43DC-8B93-D903CAC9AEE0}.Debug|Any CPU.ActiveCfg = Debug|Any CPU
		{F8EDDA56-04EF-43DC-8B93-D903CAC9AEE0}.Debug|Any CPU.Build.0 = Debug|Any CPU
		{F8EDDA56-04EF-43DC-8B93-D903CAC9AEE0}.Release|Any CPU.ActiveCfg = Release|Any CPU
		{F8EDDA56-04EF-43DC-8B93-D903CAC9AEE0}.Release|Any CPU.Build.0 = Release|Any CPU
	EndGlobalSection
	GlobalSection(SolutionProperties) = preSolution
		HideSolutionNode = FALSE
	EndGlobalSection
EndGlobal
